
Microsoft Visual Studio Solution File, Format Version 12.00
# Visual Studio Version 17
VisualStudioVersion = 17.3.32901.215
MinimumVisualStudioVersion = 10.0.40219.1
Project("{FAE04EC0-301F-11D3-BF4B-00C04F79EFBC}") = "RacingGame", "RacingGame\RacingGame.csproj", "{1862C588-8CDB-4691-9D65-01F28AC77154}"
EndProject
Global
	GlobalSection(SolutionConfigurationPlatforms) = preSolution
		Debug|Any CPU = Debug|Any CPU
		Release|Any CPU = Release|Any CPU
	EndGlobalSection
	GlobalSection(ProjectConfigurationPlatforms) = postSolution
		{1862C588-8CDB-4691-9D65-01F28AC77154}.Debug|Any CPU.ActiveCfg = Debug|Any CPU
		{1862C588-8CDB-4691-9D65-01F28AC77154}.Debug|Any CPU.Build.0 = Debug|Any CPU
		{1862C588-8CDB-4691-9D65-01F28AC77154}.Release|Any CPU.ActiveCfg = Release|Any CPU
		{1862C588-8CDB-4691-9D65-01F28AC77154}.Release|Any CPU.Build.0 = Release|Any CPU
	EndGlobalSection
	GlobalSection(SolutionProperties) = preSolution
		HideSolutionNode = FALSE
	EndGlobalSection
	GlobalSection(ExtensibilityGlobals) = postSolution
		SolutionGuid = {D760EDFB-1461-4344-AAF2-8733A5F0A66E}
	EndGlobalSection
EndGlobal
